
Microsoft Visual Studio Solution File, Format Version 12.00
# Visual Studio 2013
VisualStudioVersion = 12.0.21005.1
MinimumVisualStudioVersion = 10.0.40219.1
Project("{FAE04EC0-301F-11D3-BF4B-00C04F79EFBC}") = "MVC-EF", "MVC-EF\MVC-EF.csproj", "{2478A88A-2482-4BBA-A2D9-F3050605B857}"
EndProject
Project("{FAE04EC0-301F-11D3-BF4B-00C04F79EFBC}") = "Model", "Model\Model.csproj", "{53F520C2-5F93-488D-9B3C-C0AFB46A7268}"
EndProject
Project("{FAE04EC0-301F-11D3-BF4B-00C04F79EFBC}") = "DAL", "DAL\DAL.csproj", "{2208EC40-6857-4EB0-921C-F3CBFB92EEAA}"
EndProject
Project("{FAE04EC0-301F-11D3-BF4B-00C04F79EFBC}") = "BLL", "BLL\BLL.csproj", "{4F63C8FC-C6D6-41DD-A48B-D34AAFD19CEA}"
EndProject
Global
	GlobalSection(SolutionConfigurationPlatforms) = preSolution
		Debug|Any CPU = Debug|Any CPU
		Release|Any CPU = Release|Any CPU
	EndGlobalSection
	GlobalSection(ProjectConfigurationPlatforms) = postSolution
		{2478A88A-2482-4BBA-A2D9-F3050605B857}.Debug|Any CPU.ActiveCfg = Debug|Any CPU
		{2478A88A-2482-4BBA-A2D9-F3050605B857}.Debug|Any CPU.Build.0 = Debug|Any CPU
		{2478A88A-2482-4BBA-A2D9-F3050605B857}.Release|Any CPU.ActiveCfg = Release|Any CPU
		{2478A88A-2482-4BBA-A2D9-F3050605B857}.Release|Any CPU.Build.0 = Release|Any CPU
		{53F520C2-5F93-488D-9B3C-C0AFB46A7268}.Debug|Any CPU.ActiveCfg = Debug|Any CPU
		{53F520C2-5F93-488D-9B3C-C0AFB46A7268}.Debug|Any CPU.Build.0 = Debug|Any CPU
		{53F520C2-5F93-488D-9B3C-C0AFB46A7268}.Release|Any CPU.ActiveCfg = Release|Any CPU
		{53F520C2-5F93-488D-9B3C-C0AFB46A7268}.Release|Any CPU.Build.0 = Release|Any CPU
		{2208EC40-6857-4EB0-921C-F3CBFB92EEAA}.Debug|Any CPU.ActiveCfg = Debug|Any CPU
		{2208EC40-6857-4EB0-921C-F3CBFB92EEAA}.Debug|Any CPU.Build.0 = Debug|Any CPU
		{2208EC40-6857-4EB0-921C-F3CBFB92EEAA}.Release|Any CPU.ActiveCfg = Release|Any CPU
		{2208EC40-6857-4EB0-921C-F3CBFB92EEAA}.Release|Any CPU.Build.0 = Release|Any CPU
		{4F63C8FC-C6D6-41DD-A48B-D34AAFD19CEA}.Debug|Any CPU.ActiveCfg = Debug|Any CPU
		{4F63C8FC-C6D6-41DD-A48B-D34AAFD19CEA}.Debug|Any CPU.Build.0 = Debug|Any CPU
		{4F63C8FC-C6D6-41DD-A48B-D34AAFD19CEA}.Release|Any CPU.ActiveCfg = Release|Any CPU
		{4F63C8FC-C6D6-41DD-A48B-D34AAFD19CEA}.Release|Any CPU.Build.0 = Release|Any CPU
	EndGlobalSection
	GlobalSection(SolutionProperties) = preSolution
		HideSolutionNode = FALSE
	EndGlobalSection
EndGlobal
